// !$*UTF8*$!
{
	archiveVersion = 1;
	classes = {
	};
	objectVersion = 77;
	objects = {

/* Begin PBXBuildFile section */
		005314532FA36EFC00E3322A /* Home+TableView.swift in Sources */ = {isa = PBXBuildFile; fileRef = 005314522FA36EFC00E3322A /* Home+TableView.swift */; };
		005314562FA3783400E3322A /* BannerCVuCell.xib in Resources */ = {isa = PBXBuildFile; fileRef = 005314552FA3783400E3322A /* BannerCVuCell.xib */; };
		005314572FA3783400E3322A /* BannerCVuCell.swift in Sources */ = {isa = PBXBuildFile; fileRef = 005314542FA3783400E3322A /* BannerCVuCell.swift */; };
		0053145E2FA383C100E3322A /* CookieTypeTVuCell.swift in Sources */ = {isa = PBXBuildFile; fileRef = 0053145C2FA383C100E3322A /* CookieTypeTVuCell.swift */; };
		0053145F2FA383C100E3322A /* CookieTypeTVuCell.xib in Resources */ = {isa = PBXBuildFile; fileRef = 0053145D2FA383C100E3322A /* CookieTypeTVuCell.xib */; };
		009D506F2FA38D6000046997 /* CookieOptionsCVuCell.swift in Sources */ = {isa = PBXBuildFile; fileRef = 009D506D2FA38D6000046997 /* CookieOptionsCVuCell.swift */; };
		009D50702FA38D6000046997 /* CookieOptionsCVuCell.xib in Resources */ = {isa = PBXBuildFile; fileRef = 009D506E2FA38D6000046997 /* CookieOptionsCVuCell.xib */; };
		00F2396C2FA359BE004872CE /* CookiesNCreamUITests.swift in Sources */ = {isa = PBXBuildFile; fileRef = 00F239692FA359BE004872CE /* CookiesNCreamUITests.swift */; };
		00F2396D2FA359BE004872CE /* CookiesNCreamUITestsLaunchTests.swift in Sources */ = {isa = PBXBuildFile; fileRef = 00F2396A2FA359BE004872CE /* CookiesNCreamUITestsLaunchTests.swift */; };
		00F239702FA359BE004872CE /* CookiesNCreamTests.swift in Sources */ = {isa = PBXBuildFile; fileRef = 00F2396E2FA359BE004872CE /* CookiesNCreamTests.swift */; };
		00F239822FA359BE004872CE /* AppDelegate.swift in Sources */ = {isa = PBXBuildFile; fileRef = 00F239712FA359BE004872CE /* AppDelegate.swift */; };
		00F239832FA359BE004872CE /* SceneDelegate.swift in Sources */ = {isa = PBXBuildFile; fileRef = 00F239722FA359BE004872CE /* SceneDelegate.swift */; };
		00F239852FA359BE004872CE /* CookiesNCream.xcdatamodeld in Sources */ = {isa = PBXBuildFile; fileRef = 00F2397E2FA359BE004872CE /* CookiesNCream.xcdatamodeld */; };
		00F239862FA359BE004872CE /* Assets.xcassets in Resources */ = {isa = PBXBuildFile; fileRef = 00F239762FA359BE004872CE /* Assets.xcassets */; };
		00F239872FA359BE004872CE /* LaunchScreen.storyboard in Resources */ = {isa = PBXBuildFile; fileRef = 00F239792FA359BE004872CE /* LaunchScreen.storyboard */; };
		00F239882FA359BE004872CE /* Main.storyboard in Resources */ = {isa = PBXBuildFile; fileRef = 00F2397B2FA359BE004872CE /* Main.storyboard */; };
		00F2398F2FA359F4004872CE /* CustomBorderView.swift in Sources */ = {isa = PBXBuildFile; fileRef = 00F2398A2FA359F4004872CE /* CustomBorderView.swift */; };
		00F239902FA359F4004872CE /* DiagonalDashedView.swift in Sources */ = {isa = PBXBuildFile; fileRef = 00F2398D2FA359F4004872CE /* DiagonalDashedView.swift */; };
		00F239912FA359F4004872CE /* Constants.swift in Sources */ = {isa = PBXBuildFile; fileRef = 00F2398B2FA359F4004872CE /* Constants.swift */; };
		00F239922FA359F4004872CE /* DesignableView.swift in Sources */ = {isa = PBXBuildFile; fileRef = 00F2398C2FA359F4004872CE /* DesignableView.swift */; };
		00F2399E2FA35EE8004872CE /* HomeVC.swift in Sources */ = {isa = PBXBuildFile; fileRef = 00F2399C2FA35EE8004872CE /* HomeVC.swift */; };
		00F239A62FA366E9004872CE /* ServiceSelectionTVuCell.swift in Sources */ = {isa = PBXBuildFile; fileRef = 00F239A42FA366E9004872CE /* ServiceSelectionTVuCell.swift */; };
		00F239A72FA366E9004872CE /* ServiceSelectionTVuCell.xib in Resources */ = {isa = PBXBuildFile; fileRef = 00F239A52FA366E9004872CE /* ServiceSelectionTVuCell.xib */; };
/* End PBXBuildFile section */

/* Begin PBXContainerItemProxy section */
		00F239442FA35930004872CE /* PBXContainerItemProxy */ = {
			isa = PBXContainerItemProxy;
			containerPortal = 00F239222FA3592C004872CE /* Project object */;
			proxyType = 1;
			remoteGlobalIDString = 00F239292FA3592C004872CE;
			remoteInfo = CookiesNCream;
		};
		00F2394E2FA35930004872CE /* PBXContainerItemProxy */ = {
			isa = PBXContainerItemProxy;
			containerPortal = 00F239222FA3592C004872CE /* Project object */;
			proxyType = 1;
			remoteGlobalIDString = 00F239292FA3592C004872CE;
			remoteInfo = CookiesNCream;
		};
/* End PBXContainerItemProxy section */

/* Begin PBXFileReference section */
		005314522FA36EFC00E3322A /* Home+TableView.swift */ = {isa = PBXFileReference; lastKnownFileType = sourcecode.swift; path = "Home+TableView.swift"; sourceTree = "<group>"; };
		005314542FA3783400E3322A /* BannerCVuCell.swift */ = {isa = PBXFileReference; lastKnownFileType = sourcecode.swift; path = BannerCVuCell.swift; sourceTree = "<group>"; };
		005314552FA3783400E3322A /* BannerCVuCell.xib */ = {isa = PBXFileReference; lastKnownFileType = file.xib; path = BannerCVuCell.xib; sourceTree = "<group>"; };
		0053145C2FA383C100E3322A /* CookieTypeTVuCell.swift */ = {isa = PBXFileReference; lastKnownFileType = sourcecode.swift; path = CookieTypeTVuCell.swift; sourceTree = "<group>"; };
		0053145D2FA383C100E3322A /* CookieTypeTVuCell.xib */ = {isa = PBXFileReference; lastKnownFileType = file.xib; path = CookieTypeTVuCell.xib; sourceTree = "<group>"; };
		009D506D2FA38D6000046997 /* CookieOptionsCVuCell.swift */ = {isa = PBXFileReference; lastKnownFileType = sourcecode.swift; path = CookieOptionsCVuCell.swift; sourceTree = "<group>"; };
		009D506E2FA38D6000046997 /* CookieOptionsCVuCell.xib */ = {isa = PBXFileReference; lastKnownFileType = file.xib; path = CookieOptionsCVuCell.xib; sourceTree = "<group>"; };
		00F2392A2FA3592C004872CE /* CookiesNCream.app */ = {isa = PBXFileReference; explicitFileType = wrapper.application; includeInIndex = 0; path = CookiesNCream.app; sourceTree = BUILT_PRODUCTS_DIR; };
		00F239432FA35930004872CE /* CookiesNCreamTests.xctest */ = {isa = PBXFileReference; explicitFileType = wrapper.cfbundle; includeInIndex = 0; path = CookiesNCreamTests.xctest; sourceTree = BUILT_PRODUCTS_DIR; };
		00F2394D2FA35930004872CE /* CookiesNCreamUITests.xctest */ = {isa = PBXFileReference; explicitFileType = wrapper.cfbundle; includeInIndex = 0; path = CookiesNCreamUITests.xctest; sourceTree = BUILT_PRODUCTS_DIR; };
		00F239692FA359BE004872CE /* CookiesNCreamUITests.swift */ = {isa = PBXFileReference; lastKnownFileType = sourcecode.swift; path = CookiesNCreamUITests.swift; sourceTree = "<group>"; };
		00F2396A2FA359BE004872CE /* CookiesNCreamUITestsLaunchTests.swift */ = {isa = PBXFileReference; lastKnownFileType = sourcecode.swift; path = CookiesNCreamUITestsLaunchTests.swift; sourceTree = "<group>"; };
		00F2396E2FA359BE004872CE /* CookiesNCreamTests.swift */ = {isa = PBXFileReference; lastKnownFileType = sourcecode.swift; path = CookiesNCreamTests.swift; sourceTree = "<group>"; };
		00F239712FA359BE004872CE /* AppDelegate.swift */ = {isa = PBXFileReference; lastKnownFileType = sourcecode.swift; path = AppDelegate.swift; sourceTree = "<group>"; };
		00F239722FA359BE004872CE /* SceneDelegate.swift */ = {isa = PBXFileReference; lastKnownFileType = sourcecode.swift; path = SceneDelegate.swift; sourceTree = "<group>"; };
		00F239762FA359BE004872CE /* Assets.xcassets */ = {isa = PBXFileReference; lastKnownFileType = folder.assetcatalog; path = Assets.xcassets; sourceTree = "<group>"; };
		00F239782FA359BE004872CE /* Base */ = {isa = PBXFileReference; lastKnownFileType = file.storyboard; name = Base; path = Base.lproj/LaunchScreen.storyboard; sourceTree = "<group>"; };
		00F2397A2FA359BE004872CE /* Base */ = {isa = PBXFileReference; lastKnownFileType = file.storyboard; name = Base; path = Base.lproj/Main.storyboard; sourceTree = "<group>"; };
		00F2397F2FA359BE004872CE /* Info.plist */ = {isa = PBXFileReference; lastKnownFileType = text.plist.xml; path = Info.plist; sourceTree = "<group>"; };
		00F239812FA359BE004872CE /* CookiesNCream.xcdatamodel */ = {isa = PBXFileReference; lastKnownFileType = wrapper.xcdatamodel; path = CookiesNCream.xcdatamodel; sourceTree = "<group>"; };
		00F2398A2FA359F4004872CE /* CustomBorderView.swift */ = {isa = PBXFileReference; lastKnownFileType = sourcecode.swift; path = CustomBorderView.swift; sourceTree = "<group>"; };
		00F2398B2FA359F4004872CE /* Constants.swift */ = {isa = PBXFileReference; lastKnownFileType = sourcecode.swift; path = Constants.swift; sourceTree = "<group>"; };
		00F2398C2FA359F4004872CE /* DesignableView.swift */ = {isa = PBXFileReference; lastKnownFileType = sourcecode.swift; path = DesignableView.swift; sourceTree = "<group>"; };
		00F2398D2FA359F4004872CE /* DiagonalDashedView.swift */ = {isa = PBXFileReference; lastKnownFileType = sourcecode.swift; path = DiagonalDashedView.swift; sourceTree = "<group>"; };
		00F2399C2FA35EE8004872CE /* HomeVC.swift */ = {isa = PBXFileReference; lastKnownFileType = sourcecode.swift; path = HomeVC.swift; sourceTree = "<group>"; };
		00F239A42FA366E9004872CE /* ServiceSelectionTVuCell.swift */ = {isa = PBXFileReference; lastKnownFileType = sourcecode.swift; path = ServiceSelectionTVuCell.swift; sourceTree = "<group>"; };
		00F239A52FA366E9004872CE /* ServiceSelectionTVuCell.xib */ = {isa = PBXFileReference; lastKnownFileType = file.xib; path = ServiceSelectionTVuCell.xib; sourceTree = "<group>"; };
/* End PBXFileReference section */

/* Begin PBXFrameworksBuildPhase section */
		00F239272FA3592C004872CE /* Frameworks */ = {
			isa = PBXFrameworksBuildPhase;
			buildActionMask = 2147483647;
			files = (
			);
			runOnlyForDeploymentPostprocessing = 0;
		};
		00F239402FA35930004872CE /* Frameworks */ = {
			isa = PBXFrameworksBuildPhase;
			buildActionMask = 2147483647;
			files = (
			);
			runOnlyForDeploymentPostprocessing = 0;
		};
		00F2394A2FA35930004872CE /* Frameworks */ = {
			isa = PBXFrameworksBuildPhase;
			buildActionMask = 2147483647;
			files = (
			);
			runOnlyForDeploymentPostprocessing = 0;
		};
/* End PBXFrameworksBuildPhase section */

/* Begin PBXGroup section */
		00F239212FA3592C004872CE = {
			isa = PBXGroup;
			children = (
				00F239802FA359BE004872CE /* CookiesNCream */,
				00F2396F2FA359BE004872CE /* CookiesNCreamTests */,
				00F2396B2FA359BE004872CE /* CookiesNCreamUITests */,
				00F2392B2FA3592C004872CE /* Products */,
			);
			sourceTree = "<group>";
		};
		00F2392B2FA3592C004872CE /* Products */ = {
			isa = PBXGroup;
			children = (
				00F2392A2FA3592C004872CE /* CookiesNCream.app */,
				00F239432FA35930004872CE /* CookiesNCreamTests.xctest */,
				00F2394D2FA35930004872CE /* CookiesNCreamUITests.xctest */,
			);
			name = Products;
			sourceTree = "<group>";
		};
		00F2396B2FA359BE004872CE /* CookiesNCreamUITests */ = {
			isa = PBXGroup;
			children = (
				00F239692FA359BE004872CE /* CookiesNCreamUITests.swift */,
				00F2396A2FA359BE004872CE /* CookiesNCreamUITestsLaunchTests.swift */,
			);
			path = CookiesNCreamUITests;
			sourceTree = "<group>";
		};
		00F2396F2FA359BE004872CE /* CookiesNCreamTests */ = {
			isa = PBXGroup;
			children = (
				00F2396E2FA359BE004872CE /* CookiesNCreamTests.swift */,
			);
			path = CookiesNCreamTests;
			sourceTree = "<group>";
		};
		00F239732FA359BE004872CE /* App Delegates */ = {
			isa = PBXGroup;
			children = (
				00F239712FA359BE004872CE /* AppDelegate.swift */,
				00F239722FA359BE004872CE /* SceneDelegate.swift */,
			);
			path = "App Delegates";
			sourceTree = "<group>";
		};
		00F239752FA359BE004872CE /* Controllers */ = {
			isa = PBXGroup;
			children = (
				00F2399D2FA35EE8004872CE /* Home */,
			);
			path = Controllers;
			sourceTree = "<group>";
		};
		00F239772FA359BE004872CE /* Assets */ = {
			isa = PBXGroup;
			children = (
				00F239762FA359BE004872CE /* Assets.xcassets */,
			);
			path = Assets;
			sourceTree = "<group>";
		};
		00F2397C2FA359BE004872CE /* Storyboard */ = {
			isa = PBXGroup;
			children = (
				00F239792FA359BE004872CE /* LaunchScreen.storyboard */,
				00F2397B2FA359BE004872CE /* Main.storyboard */,
			);
			path = Storyboard;
			sourceTree = "<group>";
		};
		00F2397D2FA359BE004872CE /* Views */ = {
			isa = PBXGroup;
			children = (
				00F239772FA359BE004872CE /* Assets */,
				00F2397C2FA359BE004872CE /* Storyboard */,
			);
			path = Views;
			sourceTree = "<group>";
		};
		00F239802FA359BE004872CE /* CookiesNCream */ = {
			isa = PBXGroup;
			children = (
				00F2398E2FA359F4004872CE /* Globals */,
				00F239732FA359BE004872CE /* App Delegates */,
				00F2397D2FA359BE004872CE /* Views */,
				00F239752FA359BE004872CE /* Controllers */,
				00F2397E2FA359BE004872CE /* CookiesNCream.xcdatamodeld */,
				00F2397F2FA359BE004872CE /* Info.plist */,
			);
			path = CookiesNCream;
			sourceTree = "<group>";
		};
		00F2398E2FA359F4004872CE /* Globals */ = {
			isa = PBXGroup;
			children = (
				00F2398A2FA359F4004872CE /* CustomBorderView.swift */,
				00F2398B2FA359F4004872CE /* Constants.swift */,
				00F2398C2FA359F4004872CE /* DesignableView.swift */,
				00F2398D2FA359F4004872CE /* DiagonalDashedView.swift */,
			);
			path = Globals;
			sourceTree = "<group>";
		};
		00F239992FA35EE8004872CE /* Collection Cells */ = {
			isa = PBXGroup;
			children = (
				005314542FA3783400E3322A /* BannerCVuCell.swift */,
				005314552FA3783400E3322A /* BannerCVuCell.xib */,
				009D506D2FA38D6000046997 /* CookieOptionsCVuCell.swift */,
				009D506E2FA38D6000046997 /* CookieOptionsCVuCell.xib */,
			);
			path = "Collection Cells";
			sourceTree = "<group>";
		};
		00F2399A2FA35EE8004872CE /* Table Cells */ = {
			isa = PBXGroup;
			children = (
				00F239A42FA366E9004872CE /* ServiceSelectionTVuCell.swift */,
				00F239A52FA366E9004872CE /* ServiceSelectionTVuCell.xib */,
				0053145C2FA383C100E3322A /* CookieTypeTVuCell.swift */,
				0053145D2FA383C100E3322A /* CookieTypeTVuCell.xib */,
			);
			path = "Table Cells";
			sourceTree = "<group>";
		};
		00F2399B2FA35EE8004872CE /* Cells */ = {
			isa = PBXGroup;
			children = (
				00F239992FA35EE8004872CE /* Collection Cells */,
				00F2399A2FA35EE8004872CE /* Table Cells */,
			);
			path = Cells;
			sourceTree = "<group>";
		};
		00F2399D2FA35EE8004872CE /* Home */ = {
			isa = PBXGroup;
			children = (
				00F2399B2FA35EE8004872CE /* Cells */,
				00F2399C2FA35EE8004872CE /* HomeVC.swift */,
				005314522FA36EFC00E3322A /* Home+TableView.swift */,
			);
			path = Home;
			sourceTree = "<group>";
		};
/* End PBXGroup section */

/* Begin PBXNativeTarget section */
		00F239292FA3592C004872CE /* CookiesNCream */ = {
			isa = PBXNativeTarget;
			buildConfigurationList = 00F239562FA35931004872CE /* Build configuration list for PBXNativeTarget "CookiesNCream" */;
			buildPhases = (
				00F239262FA3592C004872CE /* Sources */,
				00F239272FA3592C004872CE /* Frameworks */,
				00F239282FA3592C004872CE /* Resources */,
			);
			buildRules = (
			);
			dependencies = (
			);
			name = CookiesNCream;
			packageProductDependencies = (
			);
			productName = CookiesNCream;
			productReference = 00F2392A2FA3592C004872CE /* CookiesNCream.app */;
			productType = "com.apple.product-type.application";
		};
		00F239422FA35930004872CE /* CookiesNCreamTests */ = {
			isa = PBXNativeTarget;
			buildConfigurationList = 00F2395B2FA35931004872CE /* Build configuration list for PBXNativeTarget "CookiesNCreamTests" */;
			buildPhases = (
				00F2393F2FA35930004872CE /* Sources */,
				00F239402FA35930004872CE /* Frameworks */,
				00F239412FA35930004872CE /* Resources */,
			);
			buildRules = (
			);
			dependencies = (
				00F239452FA35930004872CE /* PBXTargetDependency */,
			);
			name = CookiesNCreamTests;
			packageProductDependencies = (
			);
			productName = CookiesNCreamTests;
			productReference = 00F239432FA35930004872CE /* CookiesNCreamTests.xctest */;
			productType = "com.apple.product-type.bundle.unit-test";
		};
		00F2394C2FA35930004872CE /* CookiesNCreamUITests */ = {
			isa = PBXNativeTarget;
			buildConfigurationList = 00F2395E2FA35931004872CE /* Build configuration list for PBXNativeTarget "CookiesNCreamUITests" */;
			buildPhases = (
				00F239492FA35930004872CE /* Sources */,
				00F2394A2FA35930004872CE /* Frameworks */,
				00F2394B2FA35930004872CE /* Resources */,
			);
			buildRules = (
			);
			dependencies = (
				00F2394F2FA35930004872CE /* PBXTargetDependency */,
			);
			name = CookiesNCreamUITests;
			packageProductDependencies = (
			);
			productName = CookiesNCreamUITests;
			productReference = 00F2394D2FA35930004872CE /* CookiesNCreamUITests.xctest */;
			productType = "com.apple.product-type.bundle.ui-testing";
		};
/* End PBXNativeTarget section */

/* Begin PBXProject section */
		00F239222FA3592C004872CE /* Project object */ = {
			isa = PBXProject;
			attributes = {
				BuildIndependentTargetsInParallel = 1;
				LastSwiftUpdateCheck = 1620;
				LastUpgradeCheck = 1620;
				TargetAttributes = {
					00F239292FA3592C004872CE = {
						CreatedOnToolsVersion = 16.2;
					};
					00F239422FA35930004872CE = {
						CreatedOnToolsVersion = 16.2;
						TestTargetID = 00F239292FA3592C004872CE;
					};
					00F2394C2FA35930004872CE = {
						CreatedOnToolsVersion = 16.2;
						TestTargetID = 00F239292FA3592C004872CE;
					};
				};
			};
			buildConfigurationList = 00F239252FA3592C004872CE /* Build configuration list for PBXProject "CookiesNCream" */;
			developmentRegion = en;
			hasScannedForEncodings = 0;
			knownRegions = (
				en,
				Base,
			);
			mainGroup = 00F239212FA3592C004872CE;
			minimizedProjectReferenceProxies = 1;
			preferredProjectObjectVersion = 77;
			productRefGroup = 00F2392B2FA3592C004872CE /* Products */;
			projectDirPath = "";
			projectRoot = "";
			targets = (
				00F239292FA3592C004872CE /* CookiesNCream */,
				00F239422FA35930004872CE /* CookiesNCreamTests */,
				00F2394C2FA35930004872CE /* CookiesNCreamUITests */,
			);
		};
/* End PBXProject section */

/* Begin PBXResourcesBuildPhase section */
		00F239282FA3592C004872CE /* Resources */ = {
			isa = PBXResourcesBuildPhase;
			buildActionMask = 2147483647;
			files = (
				00F239862FA359BE004872CE /* Assets.xcassets in Resources */,
				009D50702FA38D6000046997 /* CookieOptionsCVuCell.xib in Resources */,
				0053145F2FA383C100E3322A /* CookieTypeTVuCell.xib in Resources */,
				00F239872FA359BE004872CE /* LaunchScreen.storyboard in Resources */,
				005314562FA3783400E3322A /* BannerCVuCell.xib in Resources */,
				00F239A72FA366E9004872CE /* ServiceSelectionTVuCell.xib in Resources */,
				00F239882FA359BE004872CE /* Main.storyboard in Resources */,
			);
			runOnlyForDeploymentPostprocessing = 0;
		};
		00F239412FA35930004872CE /* Resources */ = {
			isa = PBXResourcesBuildPhase;
			buildActionMask = 2147483647;
			files = (
			);
			runOnlyForDeploymentPostprocessing = 0;
		};
		00F2394B2FA35930004872CE /* Resources */ = {
			isa = PBXResourcesBuildPhase;
			buildActionMask = 2147483647;
			files = (
			);
			runOnlyForDeploymentPostprocessing = 0;
		};
/* End PBXResourcesBuildPhase section */

/* Begin PBXSourcesBuildPhase section */
		00F239262FA3592C004872CE /* Sources */ = {
			isa = PBXSourcesBuildPhase;
			buildActionMask = 2147483647;
			files = (
				005314532FA36EFC00E3322A /* Home+TableView.swift in Sources */,
				00F239A62FA366E9004872CE /* ServiceSelectionTVuCell.swift in Sources */,
				00F239822FA359BE004872CE /* AppDelegate.swift in Sources */,
				00F2399E2FA35EE8004872CE /* HomeVC.swift in Sources */,
				00F2398F2FA359F4004872CE /* CustomBorderView.swift in Sources */,
				00F239902FA359F4004872CE /* DiagonalDashedView.swift in Sources */,
				005314572FA3783400E3322A /* BannerCVuCell.swift in Sources */,
				009D506F2FA38D6000046997 /* CookieOptionsCVuCell.swift in Sources */,
				00F239912FA359F4004872CE /* Constants.swift in Sources */,
				00F239922FA359F4004872CE /* DesignableView.swift in Sources */,
				0053145E2FA383C100E3322A /* CookieTypeTVuCell.swift in Sources */,
				00F239832FA359BE004872CE /* SceneDelegate.swift in Sources */,
				00F239852FA359BE004872CE /* CookiesNCream.xcdatamodeld in Sources */,
			);
			runOnlyForDeploymentPostprocessing = 0;
		};
		00F2393F2FA35930004872CE /* Sources */ = {
			isa = PBXSourcesBuildPhase;
			buildActionMask = 2147483647;
			files = (
				00F239702FA359BE004872CE /* CookiesNCreamTests.swift in Sources */,
			);
			runOnlyForDeploymentPostprocessing = 0;
		};
		00F239492FA35930004872CE /* Sources */ = {
			isa = PBXSourcesBuildPhase;
			buildActionMask = 2147483647;
			files = (
				00F2396C2FA359BE004872CE /* CookiesNCreamUITests.swift in Sources */,
				00F2396D2FA359BE004872CE /* CookiesNCreamUITestsLaunchTests.swift in Sources */,
			);
			runOnlyForDeploymentPostprocessing = 0;
		};
/* End PBXSourcesBuildPhase section */

/* Begin PBXTargetDependency section */
		00F239452FA35930004872CE /* PBXTargetDependency */ = {
			isa = PBXTargetDependency;
			target = 00F239292FA3592C004872CE /* CookiesNCream */;
			targetProxy = 00F239442FA35930004872CE /* PBXContainerItemProxy */;
		};
		00F2394F2FA35930004872CE /* PBXTargetDependency */ = {
			isa = PBXTargetDependency;
			target = 00F239292FA3592C004872CE /* CookiesNCream */;
			targetProxy = 00F2394E2FA35930004872CE /* PBXContainerItemProxy */;
		};
/* End PBXTargetDependency section */

/* Begin PBXVariantGroup section */
		00F239792FA359BE004872CE /* LaunchScreen.storyboard */ = {
			isa = PBXVariantGroup;
			children = (
				00F239782FA359BE004872CE /* Base */,
			);
			name = LaunchScreen.storyboard;
			sourceTree = "<group>";
		};
		00F2397B2FA359BE004872CE /* Main.storyboard */ = {
			isa = PBXVariantGroup;
			children = (
				00F2397A2FA359BE004872CE /* Base */,
			);
			name = Main.storyboard;
			sourceTree = "<group>";
		};
/* End PBXVariantGroup section */

/* Begin XCBuildConfiguration section */
		00F239572FA35931004872CE /* Debug */ = {
			isa = XCBuildConfiguration;
			buildSettings = {
				ASSETCATALOG_COMPILER_APPICON_NAME = AppIcon;
				ASSETCATALOG_COMPILER_GLOBAL_ACCENT_COLOR_NAME = AccentColor;
				CODE_SIGN_STYLE = Automatic;
				CURRENT_PROJECT_VERSION = 1;
				GENERATE_INFOPLIST_FILE = YES;
				INFOPLIST_FILE = CookiesNCream/Info.plist;
				INFOPLIST_KEY_CFBundleDisplayName = CookiesNCream;
				INFOPLIST_KEY_UIApplicationSupportsIndirectInputEvents = YES;
				INFOPLIST_KEY_UILaunchStoryboardName = LaunchScreen;
				INFOPLIST_KEY_UIMainStoryboardFile = Main;
				INFOPLIST_KEY_UISupportedInterfaceOrientations = UIInterfaceOrientationPortrait;
				INFOPLIST_KEY_UISupportedInterfaceOrientations_iPad = "UIInterfaceOrientationPortrait UIInterfaceOrientationPortraitUpsideDown";
				LD_RUNPATH_SEARCH_PATHS = (
					"$(inherited)",
					"@executable_path/Frameworks",
				);
				MARKETING_VERSION = 1.0;
				PRODUCT_BUNDLE_IDENTIFIER = com.Drudotstech.CookiesNCream;
				PRODUCT_NAME = "$(TARGET_NAME)";
				SUPPORTED_PLATFORMS = "iphoneos iphonesimulator";
				SUPPORTS_MACCATALYST = NO;
				SUPPORTS_MAC_DESIGNED_FOR_IPHONE_IPAD = NO;
				SUPPORTS_XR_DESIGNED_FOR_IPHONE_IPAD = NO;
				SWIFT_EMIT_LOC_STRINGS = YES;
				SWIFT_VERSION = 5.0;
				TARGETED_DEVICE_FAMILY = "1,2";
			};
			name = Debug;
		};
		00F239582FA35931004872CE /* Release */ = {
			isa = XCBuildConfiguration;
			buildSettings = {
				ASSETCATALOG_COMPILER_APPICON_NAME = AppIcon;
				ASSETCATALOG_COMPILER_GLOBAL_ACCENT_COLOR_NAME = AccentColor;
				CODE_SIGN_STYLE = Automatic;
				CURRENT_PROJECT_VERSION = 1;
				GENERATE_INFOPLIST_FILE = YES;
				INFOPLIST_FILE = CookiesNCream/Info.plist;
				INFOPLIST_KEY_CFBundleDisplayName = CookiesNCream;
				INFOPLIST_KEY_UIApplicationSupportsIndirectInputEvents = YES;
				INFOPLIST_KEY_UILaunchStoryboardName = LaunchScreen;
				INFOPLIST_KEY_UIMainStoryboardFile = Main;
				INFOPLIST_KEY_UISupportedInterfaceOrientations = UIInterfaceOrientationPortrait;
				INFOPLIST_KEY_UISupportedInterfaceOrientations_iPad = "UIInterfaceOrientationPortrait UIInterfaceOrientationPortraitUpsideDown";
				LD_RUNPATH_SEARCH_PATHS = (
					"$(inherited)",
					"@executable_path/Frameworks",
				);
				MARKETING_VERSION = 1.0;
				PRODUCT_BUNDLE_IDENTIFIER = com.Drudotstech.CookiesNCream;
				PRODUCT_NAME = "$(TARGET_NAME)";
				SUPPORTED_PLATFORMS = "iphoneos iphonesimulator";
				SUPPORTS_MACCATALYST = NO;
				SUPPORTS_MAC_DESIGNED_FOR_IPHONE_IPAD = NO;
				SUPPORTS_XR_DESIGNED_FOR_IPHONE_IPAD = NO;
				SWIFT_EMIT_LOC_STRINGS = YES;
				SWIFT_VERSION = 5.0;
				TARGETED_DEVICE_FAMILY = "1,2";
			};
			name = Release;
		};
		00F239592FA35931004872CE /* Debug */ = {
			isa = XCBuildConfiguration;
			buildSettings = {
				ALWAYS_SEARCH_USER_PATHS = NO;
				ASSETCATALOG_COMPILER_GENERATE_SWIFT_ASSET_SYMBOL_EXTENSIONS = YES;
				CLANG_ANALYZER_NONNULL = YES;
				CLANG_ANALYZER_NUMBER_OBJECT_CONVERSION = YES_AGGRESSIVE;
				CLANG_CXX_LANGUAGE_STANDARD = "gnu++20";
				CLANG_ENABLE_MODULES = YES;
				CLANG_ENABLE_OBJC_ARC = YES;
				CLANG_ENABLE_OBJC_WEAK = YES;
				CLANG_WARN_BLOCK_CAPTURE_AUTORELEASING = YES;
				CLANG_WARN_BOOL_CONVERSION = YES;
				CLANG_WARN_COMMA = YES;
				CLANG_WARN_CONSTANT_CONVERSION = YES;
				CLANG_WARN_DEPRECATED_OBJC_IMPLEMENTATIONS = YES;
				CLANG_WARN_DIRECT_OBJC_ISA_USAGE = YES_ERROR;
				CLANG_WARN_DOCUMENTATION_COMMENTS = YES;
				CLANG_WARN_EMPTY_BODY = YES;
				CLANG_WARN_ENUM_CONVERSION = YES;
				CLANG_WARN_INFINITE_RECURSION = YES;
				CLANG_WARN_INT_CONVERSION = YES;
				CLANG_WARN_NON_LITERAL_NULL_CONVERSION = YES;
				CLANG_WARN_OBJC_IMPLICIT_RETAIN_SELF = YES;
				CLANG_WARN_OBJC_LITERAL_CONVERSION = YES;
				CLANG_WARN_OBJC_ROOT_CLASS = YES_ERROR;
				CLANG_WARN_QUOTED_INCLUDE_IN_FRAMEWORK_HEADER = YES;
				CLANG_WARN_RANGE_LOOP_ANALYSIS = YES;
				CLANG_WARN_STRICT_PROTOTYPES = YES;
				CLANG_WARN_SUSPICIOUS_MOVE = YES;
				CLANG_WARN_UNGUARDED_AVAILABILITY = YES_AGGRESSIVE;
				CLANG_WARN_UNREACHABLE_CODE = YES;
				CLANG_WARN__DUPLICATE_METHOD_MATCH = YES;
				COPY_PHASE_STRIP = NO;
				DEBUG_INFORMATION_FORMAT = dwarf;
				ENABLE_STRICT_OBJC_MSGSEND = YES;
				ENABLE_TESTABILITY = YES;
				ENABLE_USER_SCRIPT_SANDBOXING = YES;
				GCC_C_LANGUAGE_STANDARD = gnu17;
				GCC_DYNAMIC_NO_PIC = NO;
				GCC_NO_COMMON_BLOCKS = YES;
				GCC_OPTIMIZATION_LEVEL = 0;
				GCC_PREPROCESSOR_DEFINITIONS = (
					"DEBUG=1",
					"$(inherited)",
				);
				GCC_WARN_64_TO_32_BIT_CONVERSION = YES;
				GCC_WARN_ABOUT_RETURN_TYPE = YES_ERROR;
				GCC_WARN_UNDECLARED_SELECTOR = YES;
				GCC_WARN_UNINITIALIZED_AUTOS = YES_AGGRESSIVE;
				GCC_WARN_UNUSED_FUNCTION = YES;
				GCC_WARN_UNUSED_VARIABLE = YES;
				IPHONEOS_DEPLOYMENT_TARGET = 18.2;
				LOCALIZATION_PREFERS_STRING_CATALOGS = YES;
				MTL_ENABLE_DEBUG_INFO = INCLUDE_SOURCE;
				MTL_FAST_MATH = YES;
				ONLY_ACTIVE_ARCH = YES;
				SDKROOT = iphoneos;
				SWIFT_ACTIVE_COMPILATION_CONDITIONS = "DEBUG $(inherited)";
				SWIFT_OPTIMIZATION_LEVEL = "-Onone";
			};
			name = Debug;
		};
		00F2395A2FA35931004872CE /* Release */ = {
			isa = XCBuildConfiguration;
			buildSettings = {
				ALWAYS_SEARCH_USER_PATHS = NO;
				ASSETCATALOG_COMPILER_GENERATE_SWIFT_ASSET_SYMBOL_EXTENSIONS = YES;
				CLANG_ANALYZER_NONNULL = YES;
				CLANG_ANALYZER_NUMBER_OBJECT_CONVERSION = YES_AGGRESSIVE;
				CLANG_CXX_LANGUAGE_STANDARD = "gnu++20";
				CLANG_ENABLE_MODULES = YES;
				CLANG_ENABLE_OBJC_ARC = YES;
				CLANG_ENABLE_OBJC_WEAK = YES;
				CLANG_WARN_BLOCK_CAPTURE_AUTORELEASING = YES;
				CLANG_WARN_BOOL_CONVERSION = YES;
				CLANG_WARN_COMMA = YES;
				CLANG_WARN_CONSTANT_CONVERSION = YES;
				CLANG_WARN_DEPRECATED_OBJC_IMPLEMENTATIONS = YES;
				CLANG_WARN_DIRECT_OBJC_ISA_USAGE = YES_ERROR;
				CLANG_WARN_DOCUMENTATION_COMMENTS = YES;
				CLANG_WARN_EMPTY_BODY = YES;
				CLANG_WARN_ENUM_CONVERSION = YES;
				CLANG_WARN_INFINITE_RECURSION = YES;
				CLANG_WARN_INT_CONVERSION = YES;
				CLANG_WARN_NON_LITERAL_NULL_CONVERSION = YES;
				CLANG_WARN_OBJC_IMPLICIT_RETAIN_SELF = YES;
				CLANG_WARN_OBJC_LITERAL_CONVERSION = YES;
				CLANG_WARN_OBJC_ROOT_CLASS = YES_ERROR;
				CLANG_WARN_QUOTED_INCLUDE_IN_FRAMEWORK_HEADER = YES;
				CLANG_WARN_RANGE_LOOP_ANALYSIS = YES;
				CLANG_WARN_STRICT_PROTOTYPES = YES;
				CLANG_WARN_SUSPICIOUS_MOVE = YES;
				CLANG_WARN_UNGUARDED_AVAILABILITY = YES_AGGRESSIVE;
				CLANG_WARN_UNREACHABLE_CODE = YES;
				CLANG_WARN__DUPLICATE_METHOD_MATCH = YES;
				COPY_PHASE_STRIP = NO;
				DEBUG_INFORMATION_FORMAT = "dwarf-with-dsym";
				ENABLE_NS_ASSERTIONS = NO;
				ENABLE_STRICT_OBJC_MSGSEND = YES;
				ENABLE_USER_SCRIPT_SANDBOXING = YES;
				GCC_C_LANGUAGE_STANDARD = gnu17;
				GCC_NO_COMMON_BLOCKS = YES;
				GCC_WARN_64_TO_32_BIT_CONVERSION = YES;
				GCC_WARN_ABOUT_RETURN_TYPE = YES_ERROR;
				GCC_WARN_UNDECLARED_SELECTOR = YES;
				GCC_WARN_UNINITIALIZED_AUTOS = YES_AGGRESSIVE;
				GCC_WARN_UNUSED_FUNCTION = YES;
				GCC_WARN_UNUSED_VARIABLE = YES;
				IPHONEOS_DEPLOYMENT_TARGET = 18.2;
				LOCALIZATION_PREFERS_STRING_CATALOGS = YES;
				MTL_ENABLE_DEBUG_INFO = NO;
				MTL_FAST_MATH = YES;
				SDKROOT = iphoneos;
				SWIFT_COMPILATION_MODE = wholemodule;
				VALIDATE_PRODUCT = YES;
			};
			name = Release;
		};
		00F2395C2FA35931004872CE /* Debug */ = {
			isa = XCBuildConfiguration;
			buildSettings = {
				BUNDLE_LOADER = "$(TEST_HOST)";
				CODE_SIGN_STYLE = Automatic;
				CURRENT_PROJECT_VERSION = 1;
				GENERATE_INFOPLIST_FILE = YES;
				IPHONEOS_DEPLOYMENT_TARGET = 18.2;
				MARKETING_VERSION = 1.0;
				PRODUCT_BUNDLE_IDENTIFIER = com.Drudotstech.CookiesNCreamTests;
				PRODUCT_NAME = "$(TARGET_NAME)";
				SWIFT_EMIT_LOC_STRINGS = NO;
				SWIFT_VERSION = 5.0;
				TARGETED_DEVICE_FAMILY = "1,2";
				TEST_HOST = "$(BUILT_PRODUCTS_DIR)/CookiesNCream.app/$(BUNDLE_EXECUTABLE_FOLDER_PATH)/CookiesNCream";
			};
			name = Debug;
		};
		00F2395D2FA35931004872CE /* Release */ = {
			isa = XCBuildConfiguration;
			buildSettings = {
				BUNDLE_LOADER = "$(TEST_HOST)";
				CODE_SIGN_STYLE = Automatic;
				CURRENT_PROJECT_VERSION = 1;
				GENERATE_INFOPLIST_FILE = YES;
				IPHONEOS_DEPLOYMENT_TARGET = 18.2;
				MARKETING_VERSION = 1.0;
				PRODUCT_BUNDLE_IDENTIFIER = com.Drudotstech.CookiesNCreamTests;
				PRODUCT_NAME = "$(TARGET_NAME)";
				SWIFT_EMIT_LOC_STRINGS = NO;
				SWIFT_VERSION = 5.0;
				TARGETED_DEVICE_FAMILY = "1,2";
				TEST_HOST = "$(BUILT_PRODUCTS_DIR)/CookiesNCream.app/$(BUNDLE_EXECUTABLE_FOLDER_PATH)/CookiesNCream";
			};
			name = Release;
		};
		00F2395F2FA35931004872CE /* Debug */ = {
			isa = XCBuildConfiguration;
			buildSettings = {
				CODE_SIGN_STYLE = Automatic;
				CURRENT_PROJECT_VERSION = 1;
				GENERATE_INFOPLIST_FILE = YES;
				MARKETING_VERSION = 1.0;
				PRODUCT_BUNDLE_IDENTIFIER = com.Drudotstech.CookiesNCreamUITests;
				PRODUCT_NAME = "$(TARGET_NAME)";
				SWIFT_EMIT_LOC_STRINGS = NO;
				SWIFT_VERSION = 5.0;
				TARGETED_DEVICE_FAMILY = "1,2";
				TEST_TARGET_NAME = CookiesNCream;
			};
			name = Debug;
		};
		00F239602FA35931004872CE /* Release */ = {
			isa = XCBuildConfiguration;
			buildSettings = {
				CODE_SIGN_STYLE = Automatic;
				CURRENT_PROJECT_VERSION = 1;
				GENERATE_INFOPLIST_FILE = YES;
				MARKETING_VERSION = 1.0;
				PRODUCT_BUNDLE_IDENTIFIER = com.Drudotstech.CookiesNCreamUITests;
				PRODUCT_NAME = "$(TARGET_NAME)";
				SWIFT_EMIT_LOC_STRINGS = NO;
				SWIFT_VERSION = 5.0;
				TARGETED_DEVICE_FAMILY = "1,2";
				TEST_TARGET_NAME = CookiesNCream;
			};
			name = Release;
		};
/* End XCBuildConfiguration section */

/* Begin XCConfigurationList section */
		00F239252FA3592C004872CE /* Build configuration list for PBXProject "CookiesNCream" */ = {
			isa = XCConfigurationList;
			buildConfigurations = (
				00F239592FA35931004872CE /* Debug */,
				00F2395A2FA35931004872CE /* Release */,
			);
			defaultConfigurationIsVisible = 0;
			defaultConfigurationName = Release;
		};
		00F239562FA35931004872CE /* Build configuration list for PBXNativeTarget "CookiesNCream" */ = {
			isa = XCConfigurationList;
			buildConfigurations = (
				00F239572FA35931004872CE /* Debug */,
				00F239582FA35931004872CE /* Release */,
			);
			defaultConfigurationIsVisible = 0;
			defaultConfigurationName = Release;
		};
		00F2395B2FA35931004872CE /* Build configuration list for PBXNativeTarget "CookiesNCreamTests" */ = {
			isa = XCConfigurationList;
			buildConfigurations = (
				00F2395C2FA35931004872CE /* Debug */,
				00F2395D2FA35931004872CE /* Release */,
			);
			defaultConfigurationIsVisible = 0;
			defaultConfigurationName = Release;
		};
		00F2395E2FA35931004872CE /* Build configuration list for PBXNativeTarget "CookiesNCreamUITests" */ = {
			isa = XCConfigurationList;
			buildConfigurations = (
				00F2395F2FA35931004872CE /* Debug */,
				00F239602FA35931004872CE /* Release */,
			);
			defaultConfigurationIsVisible = 0;
			defaultConfigurationName = Release;
		};
/* End XCConfigurationList section */

/* Begin XCVersionGroup section */
		00F2397E2FA359BE004872CE /* CookiesNCream.xcdatamodeld */ = {
			isa = XCVersionGroup;
			children = (
				00F239812FA359BE004872CE /* CookiesNCream.xcdatamodel */,
			);
			currentVersion = 00F239812FA359BE004872CE /* CookiesNCream.xcdatamodel */;
			path = CookiesNCream.xcdatamodeld;
			sourceTree = "<group>";
			versionGroupType = wrapper.xcdatamodel;
		};
/* End XCVersionGroup section */
	};
	rootObject = 00F239222FA3592C004872CE /* Project object */;
}
